
Microsoft Visual Studio Solution File, Format Version 12.00
# Visual Studio Version 17
VisualStudioVersion = 17.11.35222.181
MinimumVisualStudioVersion = 10.0.40219.1
Project("{FAE04EC0-301F-11D3-BF4B-00C04F79EFBC}") = "Szamitogep_class", "Szamitogep_class\Szamitogep_class.csproj", "{E9B3A201-A1A5-42A4-B694-3C195B9594FA}"
EndProject
Global
	GlobalSection(SolutionConfigurationPlatforms) = preSolution
		Debug|Any CPU = Debug|Any CPU
		Release|Any CPU = Release|Any CPU
	EndGlobalSection
	GlobalSection(ProjectConfigurationPlatforms) = postSolution
		{E9B3A201-A1A5-42A4-B694-3C195B9594FA}.Debug|Any CPU.ActiveCfg = Debug|Any CPU
		{E9B3A201-A1A5-42A4-B694-3C195B9594FA}.Debug|Any CPU.Build.0 = Debug|Any CPU
		{E9B3A201-A1A5-42A4-B694-3C195B9594FA}.Release|Any CPU.ActiveCfg = Release|Any CPU
		{E9B3A201-A1A5-42A4-B694-3C195B9594FA}.Release|Any CPU.Build.0 = Release|Any CPU
	EndGlobalSection
	GlobalSection(SolutionProperties) = preSolution
		HideSolutionNode = FALSE
	EndGlobalSection
	GlobalSection(ExtensibilityGlobals) = postSolution
		SolutionGuid = {287143DE-8560-4F9D-9F19-7B6B97757855}
	EndGlobalSection
EndGlobal
