
Microsoft Visual Studio Solution File, Format Version 12.00
# Visual Studio Version 17
VisualStudioVersion = 17.11.35222.181
MinimumVisualStudioVersion = 10.0.40219.1
Project("{FAE04EC0-301F-11D3-BF4B-00C04F79EFBC}") = "2025_01_10_LinqValasztas", "2025_01_10_LinqValasztas\2025_01_10_LinqValasztas.csproj", "{59B07E4E-FE71-419D-9043-E97C77E2EBAA}"
EndProject
Global
	GlobalSection(SolutionConfigurationPlatforms) = preSolution
		Debug|Any CPU = Debug|Any CPU
		Release|Any CPU = Release|Any CPU
	EndGlobalSection
	GlobalSection(ProjectConfigurationPlatforms) = postSolution
		{59B07E4E-FE71-419D-9043-E97C77E2EBAA}.Debug|Any CPU.ActiveCfg = Debug|Any CPU
		{59B07E4E-FE71-419D-9043-E97C77E2EBAA}.Debug|Any CPU.Build.0 = Debug|Any CPU
		{59B07E4E-FE71-419D-9043-E97C77E2EBAA}.Release|Any CPU.ActiveCfg = Release|Any CPU
		{59B07E4E-FE71-419D-9043-E97C77E2EBAA}.Release|Any CPU.Build.0 = Release|Any CPU
	EndGlobalSection
	GlobalSection(SolutionProperties) = preSolution
		HideSolutionNode = FALSE
	EndGlobalSection
	GlobalSection(ExtensibilityGlobals) = postSolution
		SolutionGuid = {368C4020-D662-455A-9733-46171894891F}
	EndGlobalSection
EndGlobal
