
Microsoft Visual Studio Solution File, Format Version 12.00
# Visual Studio Version 17
VisualStudioVersion = 17.11.35222.181
MinimumVisualStudioVersion = 10.0.40219.1
Project("{FAE04EC0-301F-11D3-BF4B-00C04F79EFBC}") = "2024_09_11_Ismetles_Matrix", "2024_09_11_Ismetles_Matrix\2024_09_11_Ismetles_Matrix.csproj", "{429E2B29-DD3B-41B0-8D06-5A0803D809EF}"
EndProject
Global
	GlobalSection(SolutionConfigurationPlatforms) = preSolution
		Debug|Any CPU = Debug|Any CPU
		Release|Any CPU = Release|Any CPU
	EndGlobalSection
	GlobalSection(ProjectConfigurationPlatforms) = postSolution
		{429E2B29-DD3B-41B0-8D06-5A0803D809EF}.Debug|Any CPU.ActiveCfg = Debug|Any CPU
		{429E2B29-DD3B-41B0-8D06-5A0803D809EF}.Debug|Any CPU.Build.0 = Debug|Any CPU
		{429E2B29-DD3B-41B0-8D06-5A0803D809EF}.Release|Any CPU.ActiveCfg = Release|Any CPU
		{429E2B29-DD3B-41B0-8D06-5A0803D809EF}.Release|Any CPU.Build.0 = Release|Any CPU
	EndGlobalSection
	GlobalSection(SolutionProperties) = preSolution
		HideSolutionNode = FALSE
	EndGlobalSection
	GlobalSection(ExtensibilityGlobals) = postSolution
		SolutionGuid = {D608587B-148A-41A6-83EF-32B4F82EA7D4}
	EndGlobalSection
EndGlobal
