
Microsoft Visual Studio Solution File, Format Version 12.00
# Visual Studio Version 17
VisualStudioVersion = 17.11.35222.181
MinimumVisualStudioVersion = 10.0.40219.1
Project("{FAE04EC0-301F-11D3-BF4B-00C04F79EFBC}") = "2025_04_02_Resource", "2025_04_02_Resource\2025_04_02_Resource.csproj", "{1E4246E8-43B8-4707-8BCD-C4D6B213371E}"
EndProject
Global
	GlobalSection(SolutionConfigurationPlatforms) = preSolution
		Debug|Any CPU = Debug|Any CPU
		Release|Any CPU = Release|Any CPU
	EndGlobalSection
	GlobalSection(ProjectConfigurationPlatforms) = postSolution
		{1E4246E8-43B8-4707-8BCD-C4D6B213371E}.Debug|Any CPU.ActiveCfg = Debug|Any CPU
		{1E4246E8-43B8-4707-8BCD-C4D6B213371E}.Debug|Any CPU.Build.0 = Debug|Any CPU
		{1E4246E8-43B8-4707-8BCD-C4D6B213371E}.Release|Any CPU.ActiveCfg = Release|Any CPU
		{1E4246E8-43B8-4707-8BCD-C4D6B213371E}.Release|Any CPU.Build.0 = Release|Any CPU
	EndGlobalSection
	GlobalSection(SolutionProperties) = preSolution
		HideSolutionNode = FALSE
	EndGlobalSection
	GlobalSection(ExtensibilityGlobals) = postSolution
		SolutionGuid = {ECE80A81-8D2C-4C64-AFDD-6AD6663DCB12}
	EndGlobalSection
EndGlobal
