
Microsoft Visual Studio Solution File, Format Version 12.00
# Visual Studio Version 17
VisualStudioVersion = 17.10.35122.118
MinimumVisualStudioVersion = 10.0.40219.1
Project("{FAE04EC0-301F-11D3-BF4B-00C04F79EFBC}") = "2024_12_05_Gepjarmu", "2024_12_05_Gepjarmu\2024_12_05_Gepjarmu.csproj", "{8162745A-A6F8-4A68-B63E-17E0C4F27FB7}"
EndProject
Global
	GlobalSection(SolutionConfigurationPlatforms) = preSolution
		Debug|Any CPU = Debug|Any CPU
		Release|Any CPU = Release|Any CPU
	EndGlobalSection
	GlobalSection(ProjectConfigurationPlatforms) = postSolution
		{8162745A-A6F8-4A68-B63E-17E0C4F27FB7}.Debug|Any CPU.ActiveCfg = Debug|Any CPU
		{8162745A-A6F8-4A68-B63E-17E0C4F27FB7}.Debug|Any CPU.Build.0 = Debug|Any CPU
		{8162745A-A6F8-4A68-B63E-17E0C4F27FB7}.Release|Any CPU.ActiveCfg = Release|Any CPU
		{8162745A-A6F8-4A68-B63E-17E0C4F27FB7}.Release|Any CPU.Build.0 = Release|Any CPU
	EndGlobalSection
	GlobalSection(SolutionProperties) = preSolution
		HideSolutionNode = FALSE
	EndGlobalSection
	GlobalSection(ExtensibilityGlobals) = postSolution
		SolutionGuid = {6C04FEA6-38B7-478F-9218-2E1D8821BDAE}
	EndGlobalSection
EndGlobal
