
Microsoft Visual Studio Solution File, Format Version 12.00
# Visual Studio Version 17
VisualStudioVersion = 17.11.35222.181
MinimumVisualStudioVersion = 10.0.40219.1
Project("{FAE04EC0-301F-11D3-BF4B-00C04F79EFBC}") = "2024_12_02_Pekseg", "2024_12_02_Pekseg\2024_12_02_Pekseg.csproj", "{FD42E2B7-B844-4F12-A40B-E231D930FCAE}"
EndProject
Global
	GlobalSection(SolutionConfigurationPlatforms) = preSolution
		Debug|Any CPU = Debug|Any CPU
		Release|Any CPU = Release|Any CPU
	EndGlobalSection
	GlobalSection(ProjectConfigurationPlatforms) = postSolution
		{FD42E2B7-B844-4F12-A40B-E231D930FCAE}.Debug|Any CPU.ActiveCfg = Debug|Any CPU
		{FD42E2B7-B844-4F12-A40B-E231D930FCAE}.Debug|Any CPU.Build.0 = Debug|Any CPU
		{FD42E2B7-B844-4F12-A40B-E231D930FCAE}.Release|Any CPU.ActiveCfg = Release|Any CPU
		{FD42E2B7-B844-4F12-A40B-E231D930FCAE}.Release|Any CPU.Build.0 = Release|Any CPU
	EndGlobalSection
	GlobalSection(SolutionProperties) = preSolution
		HideSolutionNode = FALSE
	EndGlobalSection
	GlobalSection(ExtensibilityGlobals) = postSolution
		SolutionGuid = {62319AE1-7CE2-45DE-9EA2-21ED06A23AF9}
	EndGlobalSection
EndGlobal
